// !$*UTF8*$!
{
	archiveVersion = 1;
	classes = {
	};
	objectVersion = 50;
	objects = {

/* Begin PBXBuildFile section */
		2653B27AC3AD9834121DAA5C /* libPods-RSKExample.a in Frameworks */ = {isa = PBXBuildFile; fileRef = 41F8D3E80F936C029BF4838B /* libPods-RSKExample.a */; };
		C4158CDB248E3BBE00189CA5 /* BDDebugFeedModel.m in Sources */ = {isa = PBXBuildFile; fileRef = C4158CDA248E3BBE00189CA5 /* BDDebugFeedModel.m */; };
		C464E9232463D75600967C8E /* AppDelegate.m in Sources */ = {isa = PBXBuildFile; fileRef = C464E9222463D75600967C8E /* AppDelegate.m */; };
		C464E9292463D75600967C8E /* ViewController.m in Sources */ = {isa = PBXBuildFile; fileRef = C464E9282463D75600967C8E /* ViewController.m */; };
		C464E92C2463D75600967C8E /* Main.storyboard in Resources */ = {isa = PBXBuildFile; fileRef = C464E92A2463D75600967C8E /* Main.storyboard */; };
		C464E92E2463D75900967C8E /* Assets.xcassets in Resources */ = {isa = PBXBuildFile; fileRef = C464E92D2463D75900967C8E /* Assets.xcassets */; };
		C464E9312463D75900967C8E /* LaunchScreen.storyboard in Resources */ = {isa = PBXBuildFile; fileRef = C464E92F2463D75900967C8E /* LaunchScreen.storyboard */; };
		C464E9342463D75900967C8E /* main.m in Sources */ = {isa = PBXBuildFile; fileRef = C464E9332463D75900967C8E /* main.m */; };
/* End PBXBuildFile section */

/* Begin PBXFileReference section */
		231EA08926A2803279041976 /* Pods-RSKExample.release.xcconfig */ = {isa = PBXFileReference; includeInIndex = 1; lastKnownFileType = text.xcconfig; name = "Pods-RSKExample.release.xcconfig"; path = "Target Support Files/Pods-RSKExample/Pods-RSKExample.release.xcconfig"; sourceTree = "<group>"; };
		41F8D3E80F936C029BF4838B /* libPods-RSKExample.a */ = {isa = PBXFileReference; explicitFileType = archive.ar; includeInIndex = 0; path = "libPods-RSKExample.a"; sourceTree = BUILT_PRODUCTS_DIR; };
		C4158CD9248E3BBE00189CA5 /* BDDebugFeedModel.h */ = {isa = PBXFileReference; lastKnownFileType = sourcecode.c.h; path = BDDebugFeedModel.h; sourceTree = "<group>"; };
		C4158CDA248E3BBE00189CA5 /* BDDebugFeedModel.m */ = {isa = PBXFileReference; lastKnownFileType = sourcecode.c.objc; path = BDDebugFeedModel.m; sourceTree = "<group>"; };
		C4158CDC248E3EB900189CA5 /* RSKExample.entitlements */ = {isa = PBXFileReference; lastKnownFileType = text.plist.entitlements; path = RSKExample.entitlements; sourceTree = "<group>"; };
		C464E91E2463D75600967C8E /* RSKExample.app */ = {isa = PBXFileReference; explicitFileType = wrapper.application; includeInIndex = 0; path = RSKExample.app; sourceTree = BUILT_PRODUCTS_DIR; };
		C464E9212463D75600967C8E /* AppDelegate.h */ = {isa = PBXFileReference; lastKnownFileType = sourcecode.c.h; path = AppDelegate.h; sourceTree = "<group>"; };
		C464E9222463D75600967C8E /* AppDelegate.m */ = {isa = PBXFileReference; lastKnownFileType = sourcecode.c.objc; path = AppDelegate.m; sourceTree = "<group>"; };
		C464E9272463D75600967C8E /* ViewController.h */ = {isa = PBXFileReference; lastKnownFileType = sourcecode.c.h; path = ViewController.h; sourceTree = "<group>"; };
		C464E9282463D75600967C8E /* ViewController.m */ = {isa = PBXFileReference; lastKnownFileType = sourcecode.c.objc; path = ViewController.m; sourceTree = "<group>"; };
		C464E92B2463D75600967C8E /* Base */ = {isa = PBXFileReference; lastKnownFileType = file.storyboard; name = Base; path = Base.lproj/Main.storyboard; sourceTree = "<group>"; };
		C464E92D2463D75900967C8E /* Assets.xcassets */ = {isa = PBXFileReference; lastKnownFileType = folder.assetcatalog; path = Assets.xcassets; sourceTree = "<group>"; };
		C464E9302463D75900967C8E /* Base */ = {isa = PBXFileReference; lastKnownFileType = file.storyboard; name = Base; path = Base.lproj/LaunchScreen.storyboard; sourceTree = "<group>"; };
		C464E9322463D75900967C8E /* Info.plist */ = {isa = PBXFileReference; lastKnownFileType = text.plist.xml; path = Info.plist; sourceTree = "<group>"; };
		C464E9332463D75900967C8E /* main.m */ = {isa = PBXFileReference; lastKnownFileType = sourcecode.c.objc; path = main.m; sourceTree = "<group>"; };
		DF11CD4B88A8125437E11BD7 /* Pods-RSKExample.debug.xcconfig */ = {isa = PBXFileReference; includeInIndex = 1; lastKnownFileType = text.xcconfig; name = "Pods-RSKExample.debug.xcconfig"; path = "Target Support Files/Pods-RSKExample/Pods-RSKExample.debug.xcconfig"; sourceTree = "<group>"; };
/* End PBXFileReference section */

/* Begin PBXFrameworksBuildPhase section */
		C464E91B2463D75600967C8E /* Frameworks */ = {
			isa = PBXFrameworksBuildPhase;
			buildActionMask = 2147483647;
			files = (
				2653B27AC3AD9834121DAA5C /* libPods-RSKExample.a in Frameworks */,
			);
			runOnlyForDeploymentPostprocessing = 0;
		};
/* End PBXFrameworksBuildPhase section */

/* Begin PBXGroup section */
		B7786229B1CE8ADDBB4A9ADF /* Pods */ = {
			isa = PBXGroup;
			children = (
				DF11CD4B88A8125437E11BD7 /* Pods-RSKExample.debug.xcconfig */,
				231EA08926A2803279041976 /* Pods-RSKExample.release.xcconfig */,
			);
			path = Pods;
			sourceTree = "<group>";
		};
		C464E9152463D75500967C8E = {
			isa = PBXGroup;
			children = (
				C464E9202463D75600967C8E /* RSKExample */,
				C464E91F2463D75600967C8E /* Products */,
				B7786229B1CE8ADDBB4A9ADF /* Pods */,
				CFFA8A7CD8A7C13ED8650B5B /* Frameworks */,
			);
			sourceTree = "<group>";
		};
		C464E91F2463D75600967C8E /* Products */ = {
			isa = PBXGroup;
			children = (
				C464E91E2463D75600967C8E /* RSKExample.app */,
			);
			name = Products;
			sourceTree = "<group>";
		};
		C464E9202463D75600967C8E /* RSKExample */ = {
			isa = PBXGroup;
			children = (
				C4158CDC248E3EB900189CA5 /* RSKExample.entitlements */,
				C464E9212463D75600967C8E /* AppDelegate.h */,
				C464E9222463D75600967C8E /* AppDelegate.m */,
				C464E9272463D75600967C8E /* ViewController.h */,
				C464E9282463D75600967C8E /* ViewController.m */,
				C464E92A2463D75600967C8E /* Main.storyboard */,
				C464E92D2463D75900967C8E /* Assets.xcassets */,
				C464E92F2463D75900967C8E /* LaunchScreen.storyboard */,
				C464E9322463D75900967C8E /* Info.plist */,
				C464E9332463D75900967C8E /* main.m */,
				C4158CD9248E3BBE00189CA5 /* BDDebugFeedModel.h */,
				C4158CDA248E3BBE00189CA5 /* BDDebugFeedModel.m */,
			);
			path = RSKExample;
			sourceTree = "<group>";
		};
		CFFA8A7CD8A7C13ED8650B5B /* Frameworks */ = {
			isa = PBXGroup;
			children = (
				41F8D3E80F936C029BF4838B /* libPods-RSKExample.a */,
			);
			name = Frameworks;
			sourceTree = "<group>";
		};
/* End PBXGroup section */

/* Begin PBXNativeTarget section */
		C464E91D2463D75600967C8E /* RSKExample */ = {
			isa = PBXNativeTarget;
			buildConfigurationList = C464E9372463D75900967C8E /* Build configuration list for PBXNativeTarget "RSKExample" */;
			buildPhases = (
				33DFDE9195B91D874315032E /* [CP] Check Pods Manifest.lock */,
				C464E91A2463D75600967C8E /* Sources */,
				C464E91B2463D75600967C8E /* Frameworks */,
				C464E91C2463D75600967C8E /* Resources */,
			);
			buildRules = (
			);
			dependencies = (
			);
			name = RSKExample;
			productName = RSKExample;
			productReference = C464E91E2463D75600967C8E /* RSKExample.app */;
			productType = "com.apple.product-type.application";
		};
/* End PBXNativeTarget section */

/* Begin PBXProject section */
		C464E9162463D75500967C8E /* Project object */ = {
			isa = PBXProject;
			attributes = {
				LastUpgradeCheck = 1130;
				ORGANIZATIONNAME = rangers;
				TargetAttributes = {
					C464E91D2463D75600967C8E = {
						CreatedOnToolsVersion = 11.3;
					};
				};
			};
			buildConfigurationList = C464E9192463D75500967C8E /* Build configuration list for PBXProject "RSKExample" */;
			compatibilityVersion = "Xcode 9.3";
			developmentRegion = en;
			hasScannedForEncodings = 0;
			knownRegions = (
				en,
				Base,
			);
			mainGroup = C464E9152463D75500967C8E;
			productRefGroup = C464E91F2463D75600967C8E /* Products */;
			projectDirPath = "";
			projectRoot = "";
			targets = (
				C464E91D2463D75600967C8E /* RSKExample */,
			);
		};
/* End PBXProject section */

/* Begin PBXResourcesBuildPhase section */
		C464E91C2463D75600967C8E /* Resources */ = {
			isa = PBXResourcesBuildPhase;
			buildActionMask = 2147483647;
			files = (
				C464E9312463D75900967C8E /* LaunchScreen.storyboard in Resources */,
				C464E92E2463D75900967C8E /* Assets.xcassets in Resources */,
				C464E92C2463D75600967C8E /* Main.storyboard in Resources */,
			);
			runOnlyForDeploymentPostprocessing = 0;
		};
/* End PBXResourcesBuildPhase section */

/* Begin PBXShellScriptBuildPhase section */
		33DFDE9195B91D874315032E /* [CP] Check Pods Manifest.lock */ = {
			isa = PBXShellScriptBuildPhase;
			buildActionMask = 2147483647;
			files = (
			);
			inputFileListPaths = (
			);
			inputPaths = (
				"${PODS_PODFILE_DIR_PATH}/Podfile.lock",
				"${PODS_ROOT}/Manifest.lock",
			);
			name = "[CP] Check Pods Manifest.lock";
			outputFileListPaths = (
			);
			outputPaths = (
				"$(DERIVED_FILE_DIR)/Pods-RSKExample-checkManifestLockResult.txt",
			);
			runOnlyForDeploymentPostprocessing = 0;
			shellPath = /bin/sh;
			shellScript = "diff \"${PODS_PODFILE_DIR_PATH}/Podfile.lock\" \"${PODS_ROOT}/Manifest.lock\" > /dev/null\nif [ $? != 0 ] ; then\n    # print error to STDERR\n    echo \"error: The sandbox is not in sync with the Podfile.lock. Run 'pod install' or update your CocoaPods installation.\" >&2\n    exit 1\nfi\n# This output is used by Xcode 'outputs' to avoid re-running this script phase.\necho \"SUCCESS\" > \"${SCRIPT_OUTPUT_FILE_0}\"\n";
			showEnvVarsInLog = 0;
		};
/* End PBXShellScriptBuildPhase section */

/* Begin PBXSourcesBuildPhase section */
		C464E91A2463D75600967C8E /* Sources */ = {
			isa = PBXSourcesBuildPhase;
			buildActionMask = 2147483647;
			files = (
				C464E9292463D75600967C8E /* ViewController.m in Sources */,
				C464E9232463D75600967C8E /* AppDelegate.m in Sources */,
				C464E9342463D75900967C8E /* main.m in Sources */,
				C4158CDB248E3BBE00189CA5 /* BDDebugFeedModel.m in Sources */,
			);
			runOnlyForDeploymentPostprocessing = 0;
		};
/* End PBXSourcesBuildPhase section */

/* Begin PBXVariantGroup section */
		C464E92A2463D75600967C8E /* Main.storyboard */ = {
			isa = PBXVariantGroup;
			children = (
				C464E92B2463D75600967C8E /* Base */,
			);
			name = Main.storyboard;
			sourceTree = "<group>";
		};
		C464E92F2463D75900967C8E /* LaunchScreen.storyboard */ = {
			isa = PBXVariantGroup;
			children = (
				C464E9302463D75900967C8E /* Base */,
			);
			name = LaunchScreen.storyboard;
			sourceTree = "<group>";
		};
/* End PBXVariantGroup section */

/* Begin XCBuildConfiguration section */
		C464E9352463D75900967C8E /* Debug */ = {
			isa = XCBuildConfiguration;
			buildSettings = {
				ALWAYS_SEARCH_USER_PATHS = NO;
				CLANG_ANALYZER_NONNULL = YES;
				CLANG_ANALYZER_NUMBER_OBJECT_CONVERSION = YES_AGGRESSIVE;
				CLANG_CXX_LANGUAGE_STANDARD = "gnu++14";
				CLANG_CXX_LIBRARY = "libc++";
				CLANG_ENABLE_MODULES = YES;
				CLANG_ENABLE_OBJC_ARC = YES;
				CLANG_ENABLE_OBJC_WEAK = YES;
				CLANG_WARN_BLOCK_CAPTURE_AUTORELEASING = YES;
				CLANG_WARN_BOOL_CONVERSION = YES;
				CLANG_WARN_COMMA = YES;
				CLANG_WARN_CONSTANT_CONVERSION = YES;
				CLANG_WARN_DEPRECATED_OBJC_IMPLEMENTATIONS = YES;
				CLANG_WARN_DIRECT_OBJC_ISA_USAGE = YES_ERROR;
				CLANG_WARN_DOCUMENTATION_COMMENTS = YES;
				CLANG_WARN_EMPTY_BODY = YES;
				CLANG_WARN_ENUM_CONVERSION = YES;
				CLANG_WARN_INFINITE_RECURSION = YES;
				CLANG_WARN_INT_CONVERSION = YES;
				CLANG_WARN_NON_LITERAL_NULL_CONVERSION = YES;
				CLANG_WARN_OBJC_IMPLICIT_RETAIN_SELF = YES;
				CLANG_WARN_OBJC_LITERAL_CONVERSION = YES;
				CLANG_WARN_OBJC_ROOT_CLASS = YES_ERROR;
				CLANG_WARN_RANGE_LOOP_ANALYSIS = YES;
				CLANG_WARN_STRICT_PROTOTYPES = YES;
				CLANG_WARN_SUSPICIOUS_MOVE = YES;
				CLANG_WARN_UNGUARDED_AVAILABILITY = YES_AGGRESSIVE;
				CLANG_WARN_UNREACHABLE_CODE = YES;
				CLANG_WARN__DUPLICATE_METHOD_MATCH = YES;
				COPY_PHASE_STRIP = NO;
				DEBUG_INFORMATION_FORMAT = dwarf;
				ENABLE_STRICT_OBJC_MSGSEND = YES;
				ENABLE_TESTABILITY = YES;
				GCC_C_LANGUAGE_STANDARD = gnu11;
				GCC_DYNAMIC_NO_PIC = NO;
				GCC_NO_COMMON_BLOCKS = YES;
				GCC_OPTIMIZATION_LEVEL = 0;
				GCC_PREPROCESSOR_DEFINITIONS = (
					"DEBUG=1",
					"$(inherited)",
				);
				GCC_WARN_64_TO_32_BIT_CONVERSION = YES;
				GCC_WARN_ABOUT_RETURN_TYPE = YES_ERROR;
				GCC_WARN_UNDECLARED_SELECTOR = YES;
				GCC_WARN_UNINITIALIZED_AUTOS = YES_AGGRESSIVE;
				GCC_WARN_UNUSED_FUNCTION = YES;
				GCC_WARN_UNUSED_VARIABLE = YES;
				IPHONEOS_DEPLOYMENT_TARGET = 13.0;
				MTL_ENABLE_DEBUG_INFO = INCLUDE_SOURCE;
				MTL_FAST_MATH = YES;
				ONLY_ACTIVE_ARCH = YES;
				SDKROOT = iphoneos;
			};
			name = Debug;
		};
		C464E9362463D75900967C8E /* Release */ = {
			isa = XCBuildConfiguration;
			buildSettings = {
				ALWAYS_SEARCH_USER_PATHS = NO;
				CLANG_ANALYZER_NONNULL = YES;
				CLANG_ANALYZER_NUMBER_OBJECT_CONVERSION = YES_AGGRESSIVE;
				CLANG_CXX_LANGUAGE_STANDARD = "gnu++14";
				CLANG_CXX_LIBRARY = "libc++";
				CLANG_ENABLE_MODULES = YES;
				CLANG_ENABLE_OBJC_ARC = YES;
				CLANG_ENABLE_OBJC_WEAK = YES;
				CLANG_WARN_BLOCK_CAPTURE_AUTORELEASING = YES;
				CLANG_WARN_BOOL_CONVERSION = YES;
				CLANG_WARN_COMMA = YES;
				CLANG_WARN_CONSTANT_CONVERSION = YES;
				CLANG_WARN_DEPRECATED_OBJC_IMPLEMENTATIONS = YES;
				CLANG_WARN_DIRECT_OBJC_ISA_USAGE = YES_ERROR;
				CLANG_WARN_DOCUMENTATION_COMMENTS = YES;
				CLANG_WARN_EMPTY_BODY = YES;
				CLANG_WARN_ENUM_CONVERSION = YES;
				CLANG_WARN_INFINITE_RECURSION = YES;
				CLANG_WARN_INT_CONVERSION = YES;
				CLANG_WARN_NON_LITERAL_NULL_CONVERSION = YES;
				CLANG_WARN_OBJC_IMPLICIT_RETAIN_SELF = YES;
				CLANG_WARN_OBJC_LITERAL_CONVERSION = YES;
				CLANG_WARN_OBJC_ROOT_CLASS = YES_ERROR;
				CLANG_WARN_RANGE_LOOP_ANALYSIS = YES;
				CLANG_WARN_STRICT_PROTOTYPES = YES;
				CLANG_WARN_SUSPICIOUS_MOVE = YES;
				CLANG_WARN_UNGUARDED_AVAILABILITY = YES_AGGRESSIVE;
				CLANG_WARN_UNREACHABLE_CODE = YES;
				CLANG_WARN__DUPLICATE_METHOD_MATCH = YES;
				COPY_PHASE_STRIP = NO;
				DEBUG_INFORMATION_FORMAT = "dwarf-with-dsym";
				ENABLE_NS_ASSERTIONS = NO;
				ENABLE_STRICT_OBJC_MSGSEND = YES;
				GCC_C_LANGUAGE_STANDARD = gnu11;
				GCC_NO_COMMON_BLOCKS = YES;
				GCC_WARN_64_TO_32_BIT_CONVERSION = YES;
				GCC_WARN_ABOUT_RETURN_TYPE = YES_ERROR;
				GCC_WARN_UNDECLARED_SELECTOR = YES;
				GCC_WARN_UNINITIALIZED_AUTOS = YES_AGGRESSIVE;
				GCC_WARN_UNUSED_FUNCTION = YES;
				GCC_WARN_UNUSED_VARIABLE = YES;
				IPHONEOS_DEPLOYMENT_TARGET = 13.0;
				MTL_ENABLE_DEBUG_INFO = NO;
				MTL_FAST_MATH = YES;
				SDKROOT = iphoneos;
				VALIDATE_PRODUCT = YES;
			};
			name = Release;
		};
		C464E9382463D75900967C8E /* Debug */ = {
			isa = XCBuildConfiguration;
			baseConfigurationReference = DF11CD4B88A8125437E11BD7 /* Pods-RSKExample.debug.xcconfig */;
			buildSettings = {
				ASSETCATALOG_COMPILER_APPICON_NAME = AppIcon;
				CLANG_ENABLE_CODE_COVERAGE = NO;
				CODE_SIGN_ENTITLEMENTS = RSKExample/RSKExample.entitlements;
				CODE_SIGN_STYLE = Automatic;
				DEVELOPMENT_TEAM = UA524KP7L9;
				GCC_GENERATE_TEST_COVERAGE_FILES = NO;
				GCC_INSTRUMENT_PROGRAM_FLOW_ARCS = NO;
				INFOPLIST_FILE = RSKExample/Info.plist;
				IPHONEOS_DEPLOYMENT_TARGET = 13.0;
				LD_RUNPATH_SEARCH_PATHS = (
					"$(inherited)",
					"@executable_path/Frameworks",
				);
				PRODUCT_BUNDLE_IDENTIFIER = com.rangers.RSKExample;
				PRODUCT_NAME = "$(TARGET_NAME)";
				TARGETED_DEVICE_FAMILY = "1,2";
			};
			name = Debug;
		};
		C464E9392463D75900967C8E /* Release */ = {
			isa = XCBuildConfiguration;
			baseConfigurationReference = 231EA08926A2803279041976 /* Pods-RSKExample.release.xcconfig */;
			buildSettings = {
				ASSETCATALOG_COMPILER_APPICON_NAME = AppIcon;
				CLANG_ENABLE_CODE_COVERAGE = NO;
				CODE_SIGN_ENTITLEMENTS = RSKExample/RSKExample.entitlements;
				CODE_SIGN_STYLE = Automatic;
				DEVELOPMENT_TEAM = UA524KP7L9;
				GCC_GENERATE_TEST_COVERAGE_FILES = NO;
				GCC_INSTRUMENT_PROGRAM_FLOW_ARCS = NO;
				INFOPLIST_FILE = RSKExample/Info.plist;
				IPHONEOS_DEPLOYMENT_TARGET = 13.0;
				LD_RUNPATH_SEARCH_PATHS = (
					"$(inherited)",
					"@executable_path/Frameworks",
				);
				PRODUCT_BUNDLE_IDENTIFIER = com.rangers.RSKExample;
				PRODUCT_NAME = "$(TARGET_NAME)";
				TARGETED_DEVICE_FAMILY = "1,2";
			};
			name = Release;
		};
/* End XCBuildConfiguration section */

/* Begin XCConfigurationList section */
		C464E9192463D75500967C8E /* Build configuration list for PBXProject "RSKExample" */ = {
			isa = XCConfigurationList;
			buildConfigurations = (
				C464E9352463D75900967C8E /* Debug */,
				C464E9362463D75900967C8E /* Release */,
			);
			defaultConfigurationIsVisible = 0;
			defaultConfigurationName = Release;
		};
		C464E9372463D75900967C8E /* Build configuration list for PBXNativeTarget "RSKExample" */ = {
			isa = XCConfigurationList;
			buildConfigurations = (
				C464E9382463D75900967C8E /* Debug */,
				C464E9392463D75900967C8E /* Release */,
			);
			defaultConfigurationIsVisible = 0;
			defaultConfigurationName = Release;
		};
/* End XCConfigurationList section */
	};
	rootObject = C464E9162463D75500967C8E /* Project object */;
}
